
Microsoft Visual Studio Solution File, Format Version 12.00
# Visual Studio Version 17
VisualStudioVersion = 17.5.002.0
MinimumVisualStudioVersion = 10.0.40219.1
Project("{9A19103F-16F7-4668-BE54-9A1E7A4F7556}") = "supermark-api-net", "supermark-api-net.csproj", "{E5CBAF54-4C6C-405B-9199-9D0AA7B85C12}"
EndProject
Global
	GlobalSection(SolutionConfigurationPlatforms) = preSolution
		Debug|Any CPU = Debug|Any CPU
		Release|Any CPU = Release|Any CPU
	EndGlobalSection
	GlobalSection(ProjectConfigurationPlatforms) = postSolution
		{E5CBAF54-4C6C-405B-9199-9D0AA7B85C12}.Debug|Any CPU.ActiveCfg = Debug|Any CPU
		{E5CBAF54-4C6C-405B-9199-9D0AA7B85C12}.Debug|Any CPU.Build.0 = Debug|Any CPU
		{E5CBAF54-4C6C-405B-9199-9D0AA7B85C12}.Release|Any CPU.ActiveCfg = Release|Any CPU
		{E5CBAF54-4C6C-405B-9199-9D0AA7B85C12}.Release|Any CPU.Build.0 = Release|Any CPU
	EndGlobalSection
	GlobalSection(SolutionProperties) = preSolution
		HideSolutionNode = FALSE
	EndGlobalSection
	GlobalSection(ExtensibilityGlobals) = postSolution
		SolutionGuid = {7C081917-F619-49D7-8F8F-3D8F99FEF292}
	EndGlobalSection
EndGlobal
